{
  "name": "@patrese/openstrut",
  "version": "0.5.1",
  "lockfileVersion": 3,
  "requires": true,
  "packages": {
    "": {
      "name": "@patrese/openstrut",
      "version": "0.5.1",
      "license": "MIT",
      "bin": {
        "openstrut": "bin/openstrut.js"
      },
      "engines": {
        "node": ">=20"
      }
    }
  }
}
